// !$*UTF8*$!
{
	archiveVersion = 1;
	classes = {
	};
	objectVersion = 56;
	objects = {

/* Begin PBXBuildFile section */
		1AC0C0AD29865FA100EB5FCF /* AppDelegate.swift in Sources */ = {isa = PBXBuildFile; fileRef = 1AC0C0AC29865FA100EB5FCF /* AppDelegate.swift */; };
		1AC0C0AF29865FA100EB5FCF /* SceneDelegate.swift in Sources */ = {isa = PBXBuildFile; fileRef = 1AC0C0AE29865FA100EB5FCF /* SceneDelegate.swift */; };
		1AC0C0B129865FA100EB5FCF /* ProductsViewController.swift in Sources */ = {isa = PBXBuildFile; fileRef = 1AC0C0B029865FA100EB5FCF /* ProductsViewController.swift */; };
		1AC0C0B429865FA100EB5FCF /* Main.storyboard in Resources */ = {isa = PBXBuildFile; fileRef = 1AC0C0B229865FA100EB5FCF /* Main.storyboard */; };
		1AC0C0B729865FA100EB5FCF /* ikeaProductApp.xcdatamodeld in Sources */ = {isa = PBXBuildFile; fileRef = 1AC0C0B529865FA100EB5FCF /* ikeaProductApp.xcdatamodeld */; };
		1AC0C0B929865FA200EB5FCF /* Assets.xcassets in Resources */ = {isa = PBXBuildFile; fileRef = 1AC0C0B829865FA200EB5FCF /* Assets.xcassets */; };
		1AC0C0BC29865FA200EB5FCF /* LaunchScreen.storyboard in Resources */ = {isa = PBXBuildFile; fileRef = 1AC0C0BA29865FA200EB5FCF /* LaunchScreen.storyboard */; };
		1AC0C0C62986607800EB5FCF /* Product.swift in Sources */ = {isa = PBXBuildFile; fileRef = 1AC0C0C52986607800EB5FCF /* Product.swift */; };
		1AC0C0C92988EB6B00EB5FCF /* TestProducts.swift in Sources */ = {isa = PBXBuildFile; fileRef = 1AC0C0C82988EB6A00EB5FCF /* TestProducts.swift */; };
		1AC0C0CB298A234300EB5FCF /* FavoritesTableViewController.swift in Sources */ = {isa = PBXBuildFile; fileRef = 1AC0C0CA298A234300EB5FCF /* FavoritesTableViewController.swift */; };
		1AC0C0CD298A2B2900EB5FCF /* ProductTableViewCell.swift in Sources */ = {isa = PBXBuildFile; fileRef = 1AC0C0CC298A2B2900EB5FCF /* ProductTableViewCell.swift */; };
/* End PBXBuildFile section */

/* Begin PBXFileReference section */
		1AC0C0A929865FA100EB5FCF /* ikeaProductApp.app */ = {isa = PBXFileReference; explicitFileType = wrapper.application; includeInIndex = 0; path = ikeaProductApp.app; sourceTree = BUILT_PRODUCTS_DIR; };
		1AC0C0AC29865FA100EB5FCF /* AppDelegate.swift */ = {isa = PBXFileReference; lastKnownFileType = sourcecode.swift; path = AppDelegate.swift; sourceTree = "<group>"; };
		1AC0C0AE29865FA100EB5FCF /* SceneDelegate.swift */ = {isa = PBXFileReference; lastKnownFileType = sourcecode.swift; path = SceneDelegate.swift; sourceTree = "<group>"; };
		1AC0C0B029865FA100EB5FCF /* ProductsViewController.swift */ = {isa = PBXFileReference; lastKnownFileType = sourcecode.swift; path = ProductsViewController.swift; sourceTree = "<group>"; };
		1AC0C0B329865FA100EB5FCF /* Base */ = {isa = PBXFileReference; lastKnownFileType = file.storyboard; name = Base; path = Base.lproj/Main.storyboard; sourceTree = "<group>"; };
		1AC0C0B629865FA100EB5FCF /* ikeaProductApp.xcdatamodel */ = {isa = PBXFileReference; lastKnownFileType = wrapper.xcdatamodel; path = ikeaProductApp.xcdatamodel; sourceTree = "<group>"; };
		1AC0C0B829865FA200EB5FCF /* Assets.xcassets */ = {isa = PBXFileReference; lastKnownFileType = folder.assetcatalog; path = Assets.xcassets; sourceTree = "<group>"; };
		1AC0C0BB29865FA200EB5FCF /* Base */ = {isa = PBXFileReference; lastKnownFileType = file.storyboard; name = Base; path = Base.lproj/LaunchScreen.storyboard; sourceTree = "<group>"; };
		1AC0C0BD29865FA200EB5FCF /* Info.plist */ = {isa = PBXFileReference; lastKnownFileType = text.plist.xml; path = Info.plist; sourceTree = "<group>"; };
		1AC0C0C52986607800EB5FCF /* Product.swift */ = {isa = PBXFileReference; lastKnownFileType = sourcecode.swift; path = Product.swift; sourceTree = "<group>"; };
		1AC0C0C82988EB6A00EB5FCF /* TestProducts.swift */ = {isa = PBXFileReference; lastKnownFileType = sourcecode.swift; path = TestProducts.swift; sourceTree = "<group>"; };
		1AC0C0CA298A234300EB5FCF /* FavoritesTableViewController.swift */ = {isa = PBXFileReference; lastKnownFileType = sourcecode.swift; path = FavoritesTableViewController.swift; sourceTree = "<group>"; };
		1AC0C0CC298A2B2900EB5FCF /* ProductTableViewCell.swift */ = {isa = PBXFileReference; lastKnownFileType = sourcecode.swift; path = ProductTableViewCell.swift; sourceTree = "<group>"; };
/* End PBXFileReference section */

/* Begin PBXFrameworksBuildPhase section */
		1AC0C0A629865FA100EB5FCF /* Frameworks */ = {
			isa = PBXFrameworksBuildPhase;
			buildActionMask = 2147483647;
			files = (
			);
			runOnlyForDeploymentPostprocessing = 0;
		};
/* End PBXFrameworksBuildPhase section */

/* Begin PBXGroup section */
		1AC0C0A029865FA100EB5FCF = {
			isa = PBXGroup;
			children = (
				1AC0C0AB29865FA100EB5FCF /* ikeaProductApp */,
				1AC0C0AA29865FA100EB5FCF /* Products */,
			);
			sourceTree = "<group>";
		};
		1AC0C0AA29865FA100EB5FCF /* Products */ = {
			isa = PBXGroup;
			children = (
				1AC0C0A929865FA100EB5FCF /* ikeaProductApp.app */,
			);
			name = Products;
			sourceTree = "<group>";
		};
		1AC0C0AB29865FA100EB5FCF /* ikeaProductApp */ = {
			isa = PBXGroup;
			children = (
				1AC0C0AC29865FA100EB5FCF /* AppDelegate.swift */,
				1AC0C0AE29865FA100EB5FCF /* SceneDelegate.swift */,
				1AC0C0C72988EB4000EB5FCF /* Test Data */,
				1AC0C0C32986605A00EB5FCF /* Model */,
				1AC0C0C42986606000EB5FCF /* View */,
				1AC0C0B229865FA100EB5FCF /* Main.storyboard */,
				1AC0C0B829865FA200EB5FCF /* Assets.xcassets */,
				1AC0C0BA29865FA200EB5FCF /* LaunchScreen.storyboard */,
				1AC0C0BD29865FA200EB5FCF /* Info.plist */,
				1AC0C0B529865FA100EB5FCF /* ikeaProductApp.xcdatamodeld */,
			);
			path = ikeaProductApp;
			sourceTree = "<group>";
		};
		1AC0C0C32986605A00EB5FCF /* Model */ = {
			isa = PBXGroup;
			children = (
				1AC0C0C52986607800EB5FCF /* Product.swift */,
			);
			path = Model;
			sourceTree = "<group>";
		};
		1AC0C0C42986606000EB5FCF /* View */ = {
			isa = PBXGroup;
			children = (
				1AC0C0B029865FA100EB5FCF /* ProductsViewController.swift */,
				1AC0C0CA298A234300EB5FCF /* FavoritesTableViewController.swift */,
				1AC0C0CC298A2B2900EB5FCF /* ProductTableViewCell.swift */,
			);
			path = View;
			sourceTree = "<group>";
		};
		1AC0C0C72988EB4000EB5FCF /* Test Data */ = {
			isa = PBXGroup;
			children = (
				1AC0C0C82988EB6A00EB5FCF /* TestProducts.swift */,
			);
			path = "Test Data";
			sourceTree = "<group>";
		};
/* End PBXGroup section */

/* Begin PBXNativeTarget section */
		1AC0C0A829865FA100EB5FCF /* ikeaProductApp */ = {
			isa = PBXNativeTarget;
			buildConfigurationList = 1AC0C0C029865FA200EB5FCF /* Build configuration list for PBXNativeTarget "ikeaProductApp" */;
			buildPhases = (
				1AC0C0A529865FA100EB5FCF /* Sources */,
				1AC0C0A629865FA100EB5FCF /* Frameworks */,
				1AC0C0A729865FA100EB5FCF /* Resources */,
			);
			buildRules = (
			);
			dependencies = (
			);
			name = ikeaProductApp;
			productName = ikeaProductApp;
			productReference = 1AC0C0A929865FA100EB5FCF /* ikeaProductApp.app */;
			productType = "com.apple.product-type.application";
		};
/* End PBXNativeTarget section */

/* Begin PBXProject section */
		1AC0C0A129865FA100EB5FCF /* Project object */ = {
			isa = PBXProject;
			attributes = {
				BuildIndependentTargetsInParallel = 1;
				LastSwiftUpdateCheck = 1420;
				LastUpgradeCheck = 1420;
				TargetAttributes = {
					1AC0C0A829865FA100EB5FCF = {
						CreatedOnToolsVersion = 14.2;
					};
				};
			};
			buildConfigurationList = 1AC0C0A429865FA100EB5FCF /* Build configuration list for PBXProject "ikeaProductApp" */;
			compatibilityVersion = "Xcode 14.0";
			developmentRegion = en;
			hasScannedForEncodings = 0;
			knownRegions = (
				en,
				Base,
			);
			mainGroup = 1AC0C0A029865FA100EB5FCF;
			productRefGroup = 1AC0C0AA29865FA100EB5FCF /* Products */;
			projectDirPath = "";
			projectRoot = "";
			targets = (
				1AC0C0A829865FA100EB5FCF /* ikeaProductApp */,
			);
		};
/* End PBXProject section */

/* Begin PBXResourcesBuildPhase section */
		1AC0C0A729865FA100EB5FCF /* Resources */ = {
			isa = PBXResourcesBuildPhase;
			buildActionMask = 2147483647;
			files = (
				1AC0C0BC29865FA200EB5FCF /* LaunchScreen.storyboard in Resources */,
				1AC0C0B929865FA200EB5FCF /* Assets.xcassets in Resources */,
				1AC0C0B429865FA100EB5FCF /* Main.storyboard in Resources */,
			);
			runOnlyForDeploymentPostprocessing = 0;
		};
/* End PBXResourcesBuildPhase section */

/* Begin PBXSourcesBuildPhase section */
		1AC0C0A529865FA100EB5FCF /* Sources */ = {
			isa = PBXSourcesBuildPhase;
			buildActionMask = 2147483647;
			files = (
				1AC0C0B129865FA100EB5FCF /* ProductsViewController.swift in Sources */,
				1AC0C0CD298A2B2900EB5FCF /* ProductTableViewCell.swift in Sources */,
				1AC0C0AD29865FA100EB5FCF /* AppDelegate.swift in Sources */,
				1AC0C0C62986607800EB5FCF /* Product.swift in Sources */,
				1AC0C0C92988EB6B00EB5FCF /* TestProducts.swift in Sources */,
				1AC0C0AF29865FA100EB5FCF /* SceneDelegate.swift in Sources */,
				1AC0C0CB298A234300EB5FCF /* FavoritesTableViewController.swift in Sources */,
				1AC0C0B729865FA100EB5FCF /* ikeaProductApp.xcdatamodeld in Sources */,
			);
			runOnlyForDeploymentPostprocessing = 0;
		};
/* End PBXSourcesBuildPhase section */

/* Begin PBXVariantGroup section */
		1AC0C0B229865FA100EB5FCF /* Main.storyboard */ = {
			isa = PBXVariantGroup;
			children = (
				1AC0C0B329865FA100EB5FCF /* Base */,
			);
			name = Main.storyboard;
			sourceTree = "<group>";
		};
		1AC0C0BA29865FA200EB5FCF /* LaunchScreen.storyboard */ = {
			isa = PBXVariantGroup;
			children = (
				1AC0C0BB29865FA200EB5FCF /* Base */,
			);
			name = LaunchScreen.storyboard;
			sourceTree = "<group>";
		};
/* End PBXVariantGroup section */

/* Begin XCBuildConfiguration section */
		1AC0C0BE29865FA200EB5FCF /* Debug */ = {
			isa = XCBuildConfiguration;
			buildSettings = {
				ALWAYS_SEARCH_USER_PATHS = NO;
				CLANG_ANALYZER_NONNULL = YES;
				CLANG_ANALYZER_NUMBER_OBJECT_CONVERSION = YES_AGGRESSIVE;
				CLANG_CXX_LANGUAGE_STANDARD = "gnu++20";
				CLANG_ENABLE_MODULES = YES;
				CLANG_ENABLE_OBJC_ARC = YES;
				CLANG_ENABLE_OBJC_WEAK = YES;
				CLANG_WARN_BLOCK_CAPTURE_AUTORELEASING = YES;
				CLANG_WARN_BOOL_CONVERSION = YES;
				CLANG_WARN_COMMA = YES;
				CLANG_WARN_CONSTANT_CONVERSION = YES;
				CLANG_WARN_DEPRECATED_OBJC_IMPLEMENTATIONS = YES;
				CLANG_WARN_DIRECT_OBJC_ISA_USAGE = YES_ERROR;
				CLANG_WARN_DOCUMENTATION_COMMENTS = YES;
				CLANG_WARN_EMPTY_BODY = YES;
				CLANG_WARN_ENUM_CONVERSION = YES;
				CLANG_WARN_INFINITE_RECURSION = YES;
				CLANG_WARN_INT_CONVERSION = YES;
				CLANG_WARN_NON_LITERAL_NULL_CONVERSION = YES;
				CLANG_WARN_OBJC_IMPLICIT_RETAIN_SELF = YES;
				CLANG_WARN_OBJC_LITERAL_CONVERSION = YES;
				CLANG_WARN_OBJC_ROOT_CLASS = YES_ERROR;
				CLANG_WARN_QUOTED_INCLUDE_IN_FRAMEWORK_HEADER = YES;
				CLANG_WARN_RANGE_LOOP_ANALYSIS = YES;
				CLANG_WARN_STRICT_PROTOTYPES = YES;
				CLANG_WARN_SUSPICIOUS_MOVE = YES;
				CLANG_WARN_UNGUARDED_AVAILABILITY = YES_AGGRESSIVE;
				CLANG_WARN_UNREACHABLE_CODE = YES;
				CLANG_WARN__DUPLICATE_METHOD_MATCH = YES;
				COPY_PHASE_STRIP = NO;
				DEBUG_INFORMATION_FORMAT = dwarf;
				ENABLE_STRICT_OBJC_MSGSEND = YES;
				ENABLE_TESTABILITY = YES;
				GCC_C_LANGUAGE_STANDARD = gnu11;
				GCC_DYNAMIC_NO_PIC = NO;
				GCC_NO_COMMON_BLOCKS = YES;
				GCC_OPTIMIZATION_LEVEL = 0;
				GCC_PREPROCESSOR_DEFINITIONS = (
					"DEBUG=1",
					"$(inherited)",
				);
				GCC_WARN_64_TO_32_BIT_CONVERSION = YES;
				GCC_WARN_ABOUT_RETURN_TYPE = YES_ERROR;
				GCC_WARN_UNDECLARED_SELECTOR = YES;
				GCC_WARN_UNINITIALIZED_AUTOS = YES_AGGRESSIVE;
				GCC_WARN_UNUSED_FUNCTION = YES;
				GCC_WARN_UNUSED_VARIABLE = YES;
				IPHONEOS_DEPLOYMENT_TARGET = 16.2;
				MTL_ENABLE_DEBUG_INFO = INCLUDE_SOURCE;
				MTL_FAST_MATH = YES;
				ONLY_ACTIVE_ARCH = YES;
				SDKROOT = iphoneos;
				SWIFT_ACTIVE_COMPILATION_CONDITIONS = DEBUG;
				SWIFT_OPTIMIZATION_LEVEL = "-Onone";
			};
			name = Debug;
		};
		1AC0C0BF29865FA200EB5FCF /* Release */ = {
			isa = XCBuildConfiguration;
			buildSettings = {
				ALWAYS_SEARCH_USER_PATHS = NO;
				CLANG_ANALYZER_NONNULL = YES;
				CLANG_ANALYZER_NUMBER_OBJECT_CONVERSION = YES_AGGRESSIVE;
				CLANG_CXX_LANGUAGE_STANDARD = "gnu++20";
				CLANG_ENABLE_MODULES = YES;
				CLANG_ENABLE_OBJC_ARC = YES;
				CLANG_ENABLE_OBJC_WEAK = YES;
				CLANG_WARN_BLOCK_CAPTURE_AUTORELEASING = YES;
				CLANG_WARN_BOOL_CONVERSION = YES;
				CLANG_WARN_COMMA = YES;
				CLANG_WARN_CONSTANT_CONVERSION = YES;
				CLANG_WARN_DEPRECATED_OBJC_IMPLEMENTATIONS = YES;
				CLANG_WARN_DIRECT_OBJC_ISA_USAGE = YES_ERROR;
				CLANG_WARN_DOCUMENTATION_COMMENTS = YES;
				CLANG_WARN_EMPTY_BODY = YES;
				CLANG_WARN_ENUM_CONVERSION = YES;
				CLANG_WARN_INFINITE_RECURSION = YES;
				CLANG_WARN_INT_CONVERSION = YES;
				CLANG_WARN_NON_LITERAL_NULL_CONVERSION = YES;
				CLANG_WARN_OBJC_IMPLICIT_RETAIN_SELF = YES;
				CLANG_WARN_OBJC_LITERAL_CONVERSION = YES;
				CLANG_WARN_OBJC_ROOT_CLASS = YES_ERROR;
				CLANG_WARN_QUOTED_INCLUDE_IN_FRAMEWORK_HEADER = YES;
				CLANG_WARN_RANGE_LOOP_ANALYSIS = YES;
				CLANG_WARN_STRICT_PROTOTYPES = YES;
				CLANG_WARN_SUSPICIOUS_MOVE = YES;
				CLANG_WARN_UNGUARDED_AVAILABILITY = YES_AGGRESSIVE;
				CLANG_WARN_UNREACHABLE_CODE = YES;
				CLANG_WARN__DUPLICATE_METHOD_MATCH = YES;
				COPY_PHASE_STRIP = NO;
				DEBUG_INFORMATION_FORMAT = "dwarf-with-dsym";
				ENABLE_NS_ASSERTIONS = NO;
				ENABLE_STRICT_OBJC_MSGSEND = YES;
				GCC_C_LANGUAGE_STANDARD = gnu11;
				GCC_NO_COMMON_BLOCKS = YES;
				GCC_WARN_64_TO_32_BIT_CONVERSION = YES;
				GCC_WARN_ABOUT_RETURN_TYPE = YES_ERROR;
				GCC_WARN_UNDECLARED_SELECTOR = YES;
				GCC_WARN_UNINITIALIZED_AUTOS = YES_AGGRESSIVE;
				GCC_WARN_UNUSED_FUNCTION = YES;
				GCC_WARN_UNUSED_VARIABLE = YES;
				IPHONEOS_DEPLOYMENT_TARGET = 16.2;
				MTL_ENABLE_DEBUG_INFO = NO;
				MTL_FAST_MATH = YES;
				SDKROOT = iphoneos;
				SWIFT_COMPILATION_MODE = wholemodule;
				SWIFT_OPTIMIZATION_LEVEL = "-O";
				VALIDATE_PRODUCT = YES;
			};
			name = Release;
		};
		1AC0C0C129865FA200EB5FCF /* Debug */ = {
			isa = XCBuildConfiguration;
			buildSettings = {
				ASSETCATALOG_COMPILER_APPICON_NAME = AppIcon;
				ASSETCATALOG_COMPILER_GLOBAL_ACCENT_COLOR_NAME = AccentColor;
				CODE_SIGN_STYLE = Automatic;
				CURRENT_PROJECT_VERSION = 1;
				DEVELOPMENT_TEAM = 385846QHH8;
				GENERATE_INFOPLIST_FILE = YES;
				INFOPLIST_FILE = ikeaProductApp/Info.plist;
				INFOPLIST_KEY_UIApplicationSupportsIndirectInputEvents = YES;
				INFOPLIST_KEY_UILaunchStoryboardName = LaunchScreen;
				INFOPLIST_KEY_UIMainStoryboardFile = Main;
				INFOPLIST_KEY_UISupportedInterfaceOrientations_iPad = "UIInterfaceOrientationPortrait UIInterfaceOrientationPortraitUpsideDown UIInterfaceOrientationLandscapeLeft UIInterfaceOrientationLandscapeRight";
				INFOPLIST_KEY_UISupportedInterfaceOrientations_iPhone = "UIInterfaceOrientationPortrait UIInterfaceOrientationLandscapeLeft UIInterfaceOrientationLandscapeRight";
				LD_RUNPATH_SEARCH_PATHS = (
					"$(inherited)",
					"@executable_path/Frameworks",
				);
				MARKETING_VERSION = 1.0;
				PRODUCT_BUNDLE_IDENTIFIER = com.yggene.ikeaProductApp;
				PRODUCT_NAME = "$(TARGET_NAME)";
				SWIFT_EMIT_LOC_STRINGS = YES;
				SWIFT_VERSION = 5.0;
				TARGETED_DEVICE_FAMILY = "1,2";
			};
			name = Debug;
		};
		1AC0C0C229865FA200EB5FCF /* Release */ = {
			isa = XCBuildConfiguration;
			buildSettings = {
				ASSETCATALOG_COMPILER_APPICON_NAME = AppIcon;
				ASSETCATALOG_COMPILER_GLOBAL_ACCENT_COLOR_NAME = AccentColor;
				CODE_SIGN_STYLE = Automatic;
				CURRENT_PROJECT_VERSION = 1;
				DEVELOPMENT_TEAM = 385846QHH8;
				GENERATE_INFOPLIST_FILE = YES;
				INFOPLIST_FILE = ikeaProductApp/Info.plist;
				INFOPLIST_KEY_UIApplicationSupportsIndirectInputEvents = YES;
				INFOPLIST_KEY_UILaunchStoryboardName = LaunchScreen;
				INFOPLIST_KEY_UIMainStoryboardFile = Main;
				INFOPLIST_KEY_UISupportedInterfaceOrientations_iPad = "UIInterfaceOrientationPortrait UIInterfaceOrientationPortraitUpsideDown UIInterfaceOrientationLandscapeLeft UIInterfaceOrientationLandscapeRight";
				INFOPLIST_KEY_UISupportedInterfaceOrientations_iPhone = "UIInterfaceOrientationPortrait UIInterfaceOrientationLandscapeLeft UIInterfaceOrientationLandscapeRight";
				LD_RUNPATH_SEARCH_PATHS = (
					"$(inherited)",
					"@executable_path/Frameworks",
				);
				MARKETING_VERSION = 1.0;
				PRODUCT_BUNDLE_IDENTIFIER = com.yggene.ikeaProductApp;
				PRODUCT_NAME = "$(TARGET_NAME)";
				SWIFT_EMIT_LOC_STRINGS = YES;
				SWIFT_VERSION = 5.0;
				TARGETED_DEVICE_FAMILY = "1,2";
			};
			name = Release;
		};
/* End XCBuildConfiguration section */

/* Begin XCConfigurationList section */
		1AC0C0A429865FA100EB5FCF /* Build configuration list for PBXProject "ikeaProductApp" */ = {
			isa = XCConfigurationList;
			buildConfigurations = (
				1AC0C0BE29865FA200EB5FCF /* Debug */,
				1AC0C0BF29865FA200EB5FCF /* Release */,
			);
			defaultConfigurationIsVisible = 0;
			defaultConfigurationName = Release;
		};
		1AC0C0C029865FA200EB5FCF /* Build configuration list for PBXNativeTarget "ikeaProductApp" */ = {
			isa = XCConfigurationList;
			buildConfigurations = (
				1AC0C0C129865FA200EB5FCF /* Debug */,
				1AC0C0C229865FA200EB5FCF /* Release */,
			);
			defaultConfigurationIsVisible = 0;
			defaultConfigurationName = Release;
		};
/* End XCConfigurationList section */

/* Begin XCVersionGroup section */
		1AC0C0B529865FA100EB5FCF /* ikeaProductApp.xcdatamodeld */ = {
			isa = XCVersionGroup;
			children = (
				1AC0C0B629865FA100EB5FCF /* ikeaProductApp.xcdatamodel */,
			);
			currentVersion = 1AC0C0B629865FA100EB5FCF /* ikeaProductApp.xcdatamodel */;
			path = ikeaProductApp.xcdatamodeld;
			sourceTree = "<group>";
			versionGroupType = wrapper.xcdatamodel;
		};
/* End XCVersionGroup section */
	};
	rootObject = 1AC0C0A129865FA100EB5FCF /* Project object */;
}
